
Microsoft Visual Studio Solution File, Format Version 12.00
# Visual Studio Version 16
VisualStudioVersion = 16.0.30114.105
MinimumVisualStudioVersion = 10.0.40219.1
Project("{FAE04EC0-301F-11D3-BF4B-00C04F79EFBC}") = "Vending_machine_kata", "Vending_machine_kata.csproj", "{9C8F9043-662B-446E-B203-ED87C7614C60}"
EndProject
Global
	GlobalSection(SolutionConfigurationPlatforms) = preSolution
		Debug|Any CPU = Debug|Any CPU
		Release|Any CPU = Release|Any CPU
	EndGlobalSection
	GlobalSection(ProjectConfigurationPlatforms) = postSolution
		{9C8F9043-662B-446E-B203-ED87C7614C60}.Debug|Any CPU.ActiveCfg = Debug|Any CPU
		{9C8F9043-662B-446E-B203-ED87C7614C60}.Debug|Any CPU.Build.0 = Debug|Any CPU
		{9C8F9043-662B-446E-B203-ED87C7614C60}.Release|Any CPU.ActiveCfg = Release|Any CPU
		{9C8F9043-662B-446E-B203-ED87C7614C60}.Release|Any CPU.Build.0 = Release|Any CPU
	EndGlobalSection
	GlobalSection(SolutionProperties) = preSolution
		HideSolutionNode = FALSE
	EndGlobalSection
	GlobalSection(ExtensibilityGlobals) = postSolution
		SolutionGuid = {73F70732-1077-41FA-BDC9-DD1C0577B532}
	EndGlobalSection
EndGlobal
